
Microsoft Visual Studio Solution File, Format Version 12.00
# Visual Studio 14
VisualStudioVersion = 14.0.25123.0
MinimumVisualStudioVersion = 10.0.40219.1
Project("{FAE04EC0-301F-11D3-BF4B-00C04F79EFBC}") = "Arma3LauncherLib", "Arma3LauncherLib\Arma3LauncherLib.csproj", "{C8B8CA9E-104A-4B4B-8DCB-7B3ED17F51E9}"
EndProject
Project("{FAE04EC0-301F-11D3-BF4B-00C04F79EFBC}") = "Arma3LauncherLib.Examples", "Arma3LauncherLib.Examples\Arma3LauncherLib.Examples.csproj", "{42896D01-F652-465D-ABAC-80D8B8E83FAA}"
EndProject
Project("{FAE04EC0-301F-11D3-BF4B-00C04F79EFBC}") = "Arma3LauncherLib.Tests", "Arma3LauncherLib.Tests\Arma3LauncherLib.Tests.csproj", "{E1E7F294-7DF6-497D-A3B2-ACFFFD49590F}"
EndProject
Project("{FAE04EC0-301F-11D3-BF4B-00C04F79EFBC}") = "Arma3LauncherLib.SSQLib", "Arma3LauncherLib.SSQLib\Arma3LauncherLib.SSQLib.csproj", "{3F273B18-3C15-420B-BD8F-DED3E4E52996}"
EndProject
Global
	GlobalSection(SolutionConfigurationPlatforms) = preSolution
		Debug|Any CPU = Debug|Any CPU
		Release|Any CPU = Release|Any CPU
	EndGlobalSection
	GlobalSection(ProjectConfigurationPlatforms) = postSolution
		{C8B8CA9E-104A-4B4B-8DCB-7B3ED17F51E9}.Debug|Any CPU.ActiveCfg = Debug|Any CPU
		{C8B8CA9E-104A-4B4B-8DCB-7B3ED17F51E9}.Debug|Any CPU.Build.0 = Debug|Any CPU
		{C8B8CA9E-104A-4B4B-8DCB-7B3ED17F51E9}.Release|Any CPU.ActiveCfg = Release|Any CPU
		{C8B8CA9E-104A-4B4B-8DCB-7B3ED17F51E9}.Release|Any CPU.Build.0 = Release|Any CPU
		{42896D01-F652-465D-ABAC-80D8B8E83FAA}.Debug|Any CPU.ActiveCfg = Debug|Any CPU
		{42896D01-F652-465D-ABAC-80D8B8E83FAA}.Debug|Any CPU.Build.0 = Debug|Any CPU
		{42896D01-F652-465D-ABAC-80D8B8E83FAA}.Release|Any CPU.ActiveCfg = Release|Any CPU
		{42896D01-F652-465D-ABAC-80D8B8E83FAA}.Release|Any CPU.Build.0 = Release|Any CPU
		{E1E7F294-7DF6-497D-A3B2-ACFFFD49590F}.Debug|Any CPU.ActiveCfg = Debug|Any CPU
		{E1E7F294-7DF6-497D-A3B2-ACFFFD49590F}.Debug|Any CPU.Build.0 = Debug|Any CPU
		{E1E7F294-7DF6-497D-A3B2-ACFFFD49590F}.Release|Any CPU.ActiveCfg = Release|Any CPU
		{E1E7F294-7DF6-497D-A3B2-ACFFFD49590F}.Release|Any CPU.Build.0 = Release|Any CPU
		{3F273B18-3C15-420B-BD8F-DED3E4E52996}.Debug|Any CPU.ActiveCfg = Debug|Any CPU
		{3F273B18-3C15-420B-BD8F-DED3E4E52996}.Debug|Any CPU.Build.0 = Debug|Any CPU
		{3F273B18-3C15-420B-BD8F-DED3E4E52996}.Release|Any CPU.ActiveCfg = Release|Any CPU
		{3F273B18-3C15-420B-BD8F-DED3E4E52996}.Release|Any CPU.Build.0 = Release|Any CPU
	EndGlobalSection
	GlobalSection(SolutionProperties) = preSolution
		HideSolutionNode = FALSE
	EndGlobalSection
EndGlobal
